
Microsoft Visual Studio Solution File, Format Version 12.00
# Visual Studio 15
VisualStudioVersion = 15.0.27703.2035
MinimumVisualStudioVersion = 10.0.40219.1
Project("{FAE04EC0-301F-11D3-BF4B-00C04F79EFBC}") = "HistogramArea", "HistogramArea\HistogramArea.csproj", "{4B4688AC-EBA6-4A36-971A-83DCF9928E49}"
EndProject
Project("{FAE04EC0-301F-11D3-BF4B-00C04F79EFBC}") = "Tree", "Tree\Tree.csproj", "{C3802D28-D8BB-4CE0-A79C-C4DAD952951D}"
EndProject
Project("{FAE04EC0-301F-11D3-BF4B-00C04F79EFBC}") = "Heap", "Heap\Heap.csproj", "{8965CD65-AD10-4F4B-957F-BFB0DA7D8665}"
EndProject
Global
	GlobalSection(SolutionConfigurationPlatforms) = preSolution
		Debug|Any CPU = Debug|Any CPU
		Release|Any CPU = Release|Any CPU
	EndGlobalSection
	GlobalSection(ProjectConfigurationPlatforms) = postSolution
		{4B4688AC-EBA6-4A36-971A-83DCF9928E49}.Debug|Any CPU.ActiveCfg = Debug|Any CPU
		{4B4688AC-EBA6-4A36-971A-83DCF9928E49}.Debug|Any CPU.Build.0 = Debug|Any CPU
		{4B4688AC-EBA6-4A36-971A-83DCF9928E49}.Release|Any CPU.ActiveCfg = Release|Any CPU
		{4B4688AC-EBA6-4A36-971A-83DCF9928E49}.Release|Any CPU.Build.0 = Release|Any CPU
		{C3802D28-D8BB-4CE0-A79C-C4DAD952951D}.Debug|Any CPU.ActiveCfg = Debug|Any CPU
		{C3802D28-D8BB-4CE0-A79C-C4DAD952951D}.Debug|Any CPU.Build.0 = Debug|Any CPU
		{C3802D28-D8BB-4CE0-A79C-C4DAD952951D}.Release|Any CPU.ActiveCfg = Release|Any CPU
		{C3802D28-D8BB-4CE0-A79C-C4DAD952951D}.Release|Any CPU.Build.0 = Release|Any CPU
		{8965CD65-AD10-4F4B-957F-BFB0DA7D8665}.Debug|Any CPU.ActiveCfg = Debug|Any CPU
		{8965CD65-AD10-4F4B-957F-BFB0DA7D8665}.Debug|Any CPU.Build.0 = Debug|Any CPU
		{8965CD65-AD10-4F4B-957F-BFB0DA7D8665}.Release|Any CPU.ActiveCfg = Release|Any CPU
		{8965CD65-AD10-4F4B-957F-BFB0DA7D8665}.Release|Any CPU.Build.0 = Release|Any CPU
	EndGlobalSection
	GlobalSection(SolutionProperties) = preSolution
		HideSolutionNode = FALSE
	EndGlobalSection
	GlobalSection(ExtensibilityGlobals) = postSolution
		SolutionGuid = {0A4F8276-DAA0-49E5-8CDD-ED13685DA839}
	EndGlobalSection
EndGlobal
