
Microsoft Visual Studio Solution File, Format Version 12.00
# Visual Studio 15
VisualStudioVersion = 15.0.27703.2035
MinimumVisualStudioVersion = 10.0.40219.1
Project("{00D1A9C2-B5F0-4AF3-8072-F6C62B433612}") = "Database1", "Database1\Database1.sqlproj", "{C81483F4-0B16-45F8-B60E-B0A28EDD0964}"
EndProject
Global
	GlobalSection(SolutionConfigurationPlatforms) = preSolution
		Debug|Any CPU = Debug|Any CPU
		Release|Any CPU = Release|Any CPU
	EndGlobalSection
	GlobalSection(ProjectConfigurationPlatforms) = postSolution
		{C81483F4-0B16-45F8-B60E-B0A28EDD0964}.Debug|Any CPU.ActiveCfg = Debug|Any CPU
		{C81483F4-0B16-45F8-B60E-B0A28EDD0964}.Debug|Any CPU.Build.0 = Debug|Any CPU
		{C81483F4-0B16-45F8-B60E-B0A28EDD0964}.Debug|Any CPU.Deploy.0 = Debug|Any CPU
		{C81483F4-0B16-45F8-B60E-B0A28EDD0964}.Release|Any CPU.ActiveCfg = Release|Any CPU
		{C81483F4-0B16-45F8-B60E-B0A28EDD0964}.Release|Any CPU.Build.0 = Release|Any CPU
		{C81483F4-0B16-45F8-B60E-B0A28EDD0964}.Release|Any CPU.Deploy.0 = Release|Any CPU
	EndGlobalSection
	GlobalSection(SolutionProperties) = preSolution
		HideSolutionNode = FALSE
	EndGlobalSection
	GlobalSection(ExtensibilityGlobals) = postSolution
		SolutionGuid = {B64EABD3-9789-43D2-9F02-9E0AFEE7AAE0}
	EndGlobalSection
EndGlobal
