
Microsoft Visual Studio Solution File, Format Version 12.00
# Visual Studio Version 16
VisualStudioVersion = 16.0.29709.97
MinimumVisualStudioVersion = 10.0.40219.1
Project("{FAE04EC0-301F-11D3-BF4B-00C04F79EFBC}") = "MSA-webapp1", "MSA-webapp1.csproj", "{65CDD3E1-82C0-440C-B8A3-4906D200719F}"
EndProject
Global
	GlobalSection(SolutionConfigurationPlatforms) = preSolution
		Debug|Any CPU = Debug|Any CPU
		Release|Any CPU = Release|Any CPU
	EndGlobalSection
	GlobalSection(ProjectConfigurationPlatforms) = postSolution
		{65CDD3E1-82C0-440C-B8A3-4906D200719F}.Debug|Any CPU.ActiveCfg = Debug|Any CPU
		{65CDD3E1-82C0-440C-B8A3-4906D200719F}.Debug|Any CPU.Build.0 = Debug|Any CPU
		{65CDD3E1-82C0-440C-B8A3-4906D200719F}.Release|Any CPU.ActiveCfg = Release|Any CPU
		{65CDD3E1-82C0-440C-B8A3-4906D200719F}.Release|Any CPU.Build.0 = Release|Any CPU
	EndGlobalSection
	GlobalSection(SolutionProperties) = preSolution
		HideSolutionNode = FALSE
	EndGlobalSection
	GlobalSection(ExtensibilityGlobals) = postSolution
		SolutionGuid = {EBE000D1-4D5E-4B9C-A569-9575090B1605}
	EndGlobalSection
EndGlobal
