
Microsoft Visual Studio Solution File, Format Version 12.00
# Visual Studio 15
VisualStudioVersion = 15.0.27703.2035
MinimumVisualStudioVersion = 10.0.40219.1
Project("{FAE04EC0-301F-11D3-BF4B-00C04F79EFBC}") = "BusinessLogic", "BusinessLogic\BusinessLogic.csproj", "{A17AB51F-630D-4D81-85EF-64AA609F1B47}"
EndProject
Project("{FAE04EC0-301F-11D3-BF4B-00C04F79EFBC}") = "Shared", "Shared\Shared.csproj", "{33230310-D91D-426D-BF96-B1AB4B5DDCD0}"
EndProject
Project("{FAE04EC0-301F-11D3-BF4B-00C04F79EFBC}") = "Syntax", "Syntax\Syntax.csproj", "{4E8802B0-2E1E-4796-9784-35A4AABAFCC8}"
EndProject
Project("{FAE04EC0-301F-11D3-BF4B-00C04F79EFBC}") = "Data", "Data\Data.csproj", "{03B37C8D-885B-449B-8964-89D3355A8D26}"
EndProject
Project("{FAE04EC0-301F-11D3-BF4B-00C04F79EFBC}") = "DataAccessLayer", "DataAccessLayer\DataAccessLayer.csproj", "{5521E3AF-5A46-46BC-9941-202C9AF1DAC9}"
EndProject
Global
	GlobalSection(SolutionConfigurationPlatforms) = preSolution
		Debug|Any CPU = Debug|Any CPU
		Release|Any CPU = Release|Any CPU
	EndGlobalSection
	GlobalSection(ProjectConfigurationPlatforms) = postSolution
		{A17AB51F-630D-4D81-85EF-64AA609F1B47}.Debug|Any CPU.ActiveCfg = Debug|Any CPU
		{A17AB51F-630D-4D81-85EF-64AA609F1B47}.Debug|Any CPU.Build.0 = Debug|Any CPU
		{A17AB51F-630D-4D81-85EF-64AA609F1B47}.Release|Any CPU.ActiveCfg = Release|Any CPU
		{A17AB51F-630D-4D81-85EF-64AA609F1B47}.Release|Any CPU.Build.0 = Release|Any CPU
		{33230310-D91D-426D-BF96-B1AB4B5DDCD0}.Debug|Any CPU.ActiveCfg = Debug|Any CPU
		{33230310-D91D-426D-BF96-B1AB4B5DDCD0}.Debug|Any CPU.Build.0 = Debug|Any CPU
		{33230310-D91D-426D-BF96-B1AB4B5DDCD0}.Release|Any CPU.ActiveCfg = Release|Any CPU
		{33230310-D91D-426D-BF96-B1AB4B5DDCD0}.Release|Any CPU.Build.0 = Release|Any CPU
		{4E8802B0-2E1E-4796-9784-35A4AABAFCC8}.Debug|Any CPU.ActiveCfg = Debug|Any CPU
		{4E8802B0-2E1E-4796-9784-35A4AABAFCC8}.Debug|Any CPU.Build.0 = Debug|Any CPU
		{4E8802B0-2E1E-4796-9784-35A4AABAFCC8}.Release|Any CPU.ActiveCfg = Release|Any CPU
		{4E8802B0-2E1E-4796-9784-35A4AABAFCC8}.Release|Any CPU.Build.0 = Release|Any CPU
		{03B37C8D-885B-449B-8964-89D3355A8D26}.Debug|Any CPU.ActiveCfg = Debug|Any CPU
		{03B37C8D-885B-449B-8964-89D3355A8D26}.Debug|Any CPU.Build.0 = Debug|Any CPU
		{03B37C8D-885B-449B-8964-89D3355A8D26}.Release|Any CPU.ActiveCfg = Release|Any CPU
		{03B37C8D-885B-449B-8964-89D3355A8D26}.Release|Any CPU.Build.0 = Release|Any CPU
		{5521E3AF-5A46-46BC-9941-202C9AF1DAC9}.Debug|Any CPU.ActiveCfg = Debug|Any CPU
		{5521E3AF-5A46-46BC-9941-202C9AF1DAC9}.Debug|Any CPU.Build.0 = Debug|Any CPU
		{5521E3AF-5A46-46BC-9941-202C9AF1DAC9}.Release|Any CPU.ActiveCfg = Release|Any CPU
		{5521E3AF-5A46-46BC-9941-202C9AF1DAC9}.Release|Any CPU.Build.0 = Release|Any CPU
	EndGlobalSection
	GlobalSection(SolutionProperties) = preSolution
		HideSolutionNode = FALSE
	EndGlobalSection
	GlobalSection(ExtensibilityGlobals) = postSolution
		SolutionGuid = {F9EE2DF3-CEB0-4055-96A6-2DADBD5A0275}
	EndGlobalSection
EndGlobal
